
Microsoft Visual Studio Solution File, Format Version 12.00
# Visual Studio 15
VisualStudioVersion = 15.0.28307.1500
MinimumVisualStudioVersion = 10.0.40219.1
Project("{9A19103F-16F7-4668-BE54-9A1E7A4F7556}") = "R2CustomSounds", "R2CustomSounds.csproj", "{E99D4201-3597-4A94-857A-97CD9DE6D914}"
EndProject
Global
	GlobalSection(SolutionConfigurationPlatforms) = preSolution
		Debug|Any CPU = Debug|Any CPU
		Release|Any CPU = Release|Any CPU
	EndGlobalSection
	GlobalSection(ProjectConfigurationPlatforms) = postSolution
		{E99D4201-3597-4A94-857A-97CD9DE6D914}.Debug|Any CPU.ActiveCfg = Debug|Any CPU
		{E99D4201-3597-4A94-857A-97CD9DE6D914}.Debug|Any CPU.Build.0 = Debug|Any CPU
		{E99D4201-3597-4A94-857A-97CD9DE6D914}.Release|Any CPU.ActiveCfg = Release|Any CPU
		{E99D4201-3597-4A94-857A-97CD9DE6D914}.Release|Any CPU.Build.0 = Release|Any CPU
	EndGlobalSection
	GlobalSection(SolutionProperties) = preSolution
		HideSolutionNode = FALSE
	EndGlobalSection
	GlobalSection(ExtensibilityGlobals) = postSolution
		SolutionGuid = {91BEF80E-ABD1-47DB-9E4C-9AB6EC625EAF}
	EndGlobalSection
EndGlobal
